
Microsoft Visual Studio Solution File, Format Version 12.00
# Visual Studio Version 17
VisualStudioVersion = 17.7.34202.233
MinimumVisualStudioVersion = 10.0.40219.1
Project("{8BC9CEB8-8B4A-11D0-8D11-00A0C91BC942}") = "MExDlg", "MExDlg.vcxproj", "{9F5DB52F-79B5-46AA-8A9A-2A5586951E88}"
EndProject
Global
	GlobalSection(SolutionConfigurationPlatforms) = preSolution
		Debug|x64 = Debug|x64
		Debug|x86 = Debug|x86
		Release|x64 = Release|x64
		Release|x86 = Release|x86
	EndGlobalSection
	GlobalSection(ProjectConfigurationPlatforms) = postSolution
		{9F5DB52F-79B5-46AA-8A9A-2A5586951E88}.Debug|x64.ActiveCfg = Debug|x64
		{9F5DB52F-79B5-46AA-8A9A-2A5586951E88}.Debug|x64.Build.0 = Debug|x64
		{9F5DB52F-79B5-46AA-8A9A-2A5586951E88}.Debug|x86.ActiveCfg = Debug|Win32
		{9F5DB52F-79B5-46AA-8A9A-2A5586951E88}.Debug|x86.Build.0 = Debug|Win32
		{9F5DB52F-79B5-46AA-8A9A-2A5586951E88}.Release|x64.ActiveCfg = Release|x64
		{9F5DB52F-79B5-46AA-8A9A-2A5586951E88}.Release|x64.Build.0 = Release|x64
		{9F5DB52F-79B5-46AA-8A9A-2A5586951E88}.Release|x86.ActiveCfg = Release|Win32
		{9F5DB52F-79B5-46AA-8A9A-2A5586951E88}.Release|x86.Build.0 = Release|Win32
	EndGlobalSection
	GlobalSection(SolutionProperties) = preSolution
		HideSolutionNode = FALSE
	EndGlobalSection
	GlobalSection(ExtensibilityGlobals) = postSolution
		SolutionGuid = {E7AEC5A1-7AE4-407C-BE6B-8CDCFB7DBB10}
	EndGlobalSection
EndGlobal
